type:   png
code64: "data:image/png;base64,iVBORw0KGgoAAAANSUhEUgAAACAAAAAgCAMAAABEpIrGAAAABGdBTUEAALGPC/xhBQAAACBjSFJNAAB6JgAAgIQAAPoAAACA6AAAdTAAAOpgAAA6mAAAF3CculE8AAAA/1BMVEU/s7I/s7I/s7I/s7I/s7I/s7I/s7I/s7I/s7I/s7I/s7I/s7I/s7I/s7I/s7I/s7I/s7I/s7I/s7I/s7I/s7I/s7I/s7I/s7I/s7I/s7I/s7I/s7I/s7I/s7I/s7I/s7I/s7I/s7I/s7I/s7I/s7I/s7I/s7I/s7I/s7I/s7I/s7I/s7I/s7I/s7I/s7I/s7I/s7I/s7I/s7I/s7I/s7I/s7I/s7I/s7I/s7I/s7I/s7I/s7I/s7I/s7I/s7I/s7I/s7I/s7I/s7I/s7I/s7I/s7I/s7I/s7I/s7I/s7I/s7I/s7I/s7I/s7I/s7I/s7I/s7I/s7I/s7I/s7L////QnMRFAAAAVHRSTlMAAyRgm8Pa5C+GyOPo5xV40unq3y2szJpqSjw3wcVtIwTikCLebwkBeQUQHTB30ZgHAojvroftrQjNS4nsBmfcKbbLbBMXdOvmsUgynn8LWMBxIGRFHj3/AAAAAWJLR0RU5AOIpQAAAAlwSFlzAAAN5QAADeUB5upprwAAAAd0SU1FB+QEBQceG9g0RXAAAAFvSURBVDjLhVPXdoJAEF0BQdwZZMHeKIolMUbTJb2aXv//X4IFZD16uC8wu3fKztwhJERKEKW0rChyWhKFFFlHKqNmKQAGAKBZNbNG0XI6AzCAmiYNPsD0nBa/zxcCPyyWypVqtVIuFWdWIb+6r9UZQqNp2QvTtpoNQFavRf7BveO24iFbrhMwljG0AsO21+GL6nhtZIV5Hd0eouP1F+c7u1p38df3HMTezBjoAG7ovzfcH4UxXAB9QMhYZdCwwsgHh0dRLqsBTB0TIQvYjFIfn5yeRUYTISsQkcJE2EwQJkBFIoFRsjcT7JIBEkkDlMlmAikDpImM1N9G8CnKREGzyhFiHauaqKwRzi8m/iVP4FNcmca1e9ONp+CLHPm3aNzdP8SK5J9JyOPTcPr88jqKnsk3KsD47d2Ztj8uw0bxrZ7j8+sbf6JW88Na4vdPi4bFjzsumeW4ecGssBJMouSSRZss++TFSV695OUlW9f/HyniMFbfN+2lAAAAJXRFWHRkYXRlOmNyZWF0ZQAyMDIwLTA0LTA1VDExOjMwOjUyLTA0OjAwwJKD8wAAACV0RVh0ZGF0ZTptb2RpZnkAMjAyMC0wNC0wNVQxMTozMDoyNy0wNDowMOkyHfEAAAAZdEVYdFNvZnR3YXJlAHd3dy5pbmtzY2FwZS5vcmeb7jwaAAAAAElFTkSuQmCC"